{
  "name": "@kudolayton/pi-plan-mode",
  "version": "0.1.0",
  "lockfileVersion": 3,
  "requires": true,
  "packages": {
    "": {
      "name": "@kudolayton/pi-plan-mode",
      "version": "0.1.0",
      "license": "MIT",
      "dependencies": {
        "@narumitw/pi-tui-kit": "file:vendor/narumitw-pi-tui-kit-0.62.0.tgz"
      },
      "engines": {
        "node": ">=22.19.0"
      },
      "peerDependencies": {
        "@earendil-works/pi-coding-agent": "*",
        "@earendil-works/pi-tui": "*"
      }
    },
    "node_modules/@narumitw/pi-tui-kit": {
      "version": "0.62.0",
      "resolved": "file:vendor/narumitw-pi-tui-kit-0.62.0.tgz",
      "integrity": "sha512-pMnLM5QFxmaGwKGo7GHJeI/kHB5kKKr8xWNTwm0L5QtjIMM4gHbpJ1lk1jfWQ9UYCcpEb6cf3n7qY5qHdHm3Sw==",
      "license": "MIT",
      "dependencies": {
        "grok-mermaid": "0.2.3",
        "highlight.js": "11.12.0"
      },
      "peerDependencies": {
        "@earendil-works/pi-coding-agent": "*",
        "@earendil-works/pi-tui": "*"
      }
    },
    "node_modules/grok-mermaid": {
      "version": "0.2.3",
      "resolved": "https://registry.npmjs.org/grok-mermaid/-/grok-mermaid-0.2.3.tgz",
      "integrity": "sha512-/4KopAbsjvuRP9MdPtlDjOHUmUVEohOX73JNcsWpzAtFxh+bq5+Dhb6gzvRieLDwIPQIR3/vy8V1NNTuz4Zsmg==",
      "license": "Apache-2.0",
      "engines": {
        "node": ">=18"
      }
    },
    "node_modules/highlight.js": {
      "version": "11.12.0",
      "resolved": "https://registry.npmjs.org/highlight.js/-/highlight.js-11.12.0.tgz",
      "integrity": "sha512-nbfWpyRMcMrPMmDwJB+dhX/eiaPKtc2RB+0QZskqJ3WjRA/FDS0e9hZrx8EC/lbEv8gXy98FcDbNa/dspAaJMg==",
      "license": "BSD-3-Clause",
      "engines": {
        "node": ">=12.0.0"
      }
    }
  }
}
